
Microsoft Visual Studio Solution File, Format Version 12.00
# Visual Studio 15
VisualStudioVersion = 15.0.28307.106
MinimumVisualStudioVersion = 10.0.40219.1
Project("{00D1A9C2-B5F0-4AF3-8072-F6C62B433612}") = "Database", "Database\Database.sqlproj", "{051A36AC-AEDA-497E-90D6-D86BF994CBFC}"
EndProject
Global
	GlobalSection(SolutionConfigurationPlatforms) = preSolution
		Debug|Any CPU = Debug|Any CPU
		Release|Any CPU = Release|Any CPU
	EndGlobalSection
	GlobalSection(ProjectConfigurationPlatforms) = postSolution
		{051A36AC-AEDA-497E-90D6-D86BF994CBFC}.Debug|Any CPU.ActiveCfg = Debug|Any CPU
		{051A36AC-AEDA-497E-90D6-D86BF994CBFC}.Debug|Any CPU.Build.0 = Debug|Any CPU
		{051A36AC-AEDA-497E-90D6-D86BF994CBFC}.Debug|Any CPU.Deploy.0 = Debug|Any CPU
		{051A36AC-AEDA-497E-90D6-D86BF994CBFC}.Release|Any CPU.ActiveCfg = Release|Any CPU
		{051A36AC-AEDA-497E-90D6-D86BF994CBFC}.Release|Any CPU.Build.0 = Release|Any CPU
		{051A36AC-AEDA-497E-90D6-D86BF994CBFC}.Release|Any CPU.Deploy.0 = Release|Any CPU
	EndGlobalSection
	GlobalSection(SolutionProperties) = preSolution
		HideSolutionNode = FALSE
	EndGlobalSection
	GlobalSection(ExtensibilityGlobals) = postSolution
		SolutionGuid = {E9365854-7855-45DB-89CA-18169994225C}
	EndGlobalSection
EndGlobal
