
Microsoft Visual Studio Solution File, Format Version 12.00
# Visual Studio 15
VisualStudioVersion = 15.0.28307.106
MinimumVisualStudioVersion = 10.0.40219.1
Project("{9A19103F-16F7-4668-BE54-9A1E7A4F7556}") = "MyDIContainer", "MyDIContainer\MyDIContainer.csproj", "{CAC79237-53D5-4D85-9D18-D149D3369E0B}"
EndProject
Project("{FAE04EC0-301F-11D3-BF4B-00C04F79EFBC}") = "MyDIContainerUnitTests", "MyDIContainerUnitTests\MyDIContainerUnitTests.csproj", "{87FE0846-7FA4-4082-A54E-79AC4238E311}"
EndProject
Global
	GlobalSection(SolutionConfigurationPlatforms) = preSolution
		Debug|Any CPU = Debug|Any CPU
		Release|Any CPU = Release|Any CPU
	EndGlobalSection
	GlobalSection(ProjectConfigurationPlatforms) = postSolution
		{CAC79237-53D5-4D85-9D18-D149D3369E0B}.Debug|Any CPU.ActiveCfg = Debug|Any CPU
		{CAC79237-53D5-4D85-9D18-D149D3369E0B}.Debug|Any CPU.Build.0 = Debug|Any CPU
		{CAC79237-53D5-4D85-9D18-D149D3369E0B}.Release|Any CPU.ActiveCfg = Release|Any CPU
		{CAC79237-53D5-4D85-9D18-D149D3369E0B}.Release|Any CPU.Build.0 = Release|Any CPU
		{87FE0846-7FA4-4082-A54E-79AC4238E311}.Debug|Any CPU.ActiveCfg = Debug|Any CPU
		{87FE0846-7FA4-4082-A54E-79AC4238E311}.Debug|Any CPU.Build.0 = Debug|Any CPU
		{87FE0846-7FA4-4082-A54E-79AC4238E311}.Release|Any CPU.ActiveCfg = Release|Any CPU
		{87FE0846-7FA4-4082-A54E-79AC4238E311}.Release|Any CPU.Build.0 = Release|Any CPU
	EndGlobalSection
	GlobalSection(SolutionProperties) = preSolution
		HideSolutionNode = FALSE
	EndGlobalSection
	GlobalSection(ExtensibilityGlobals) = postSolution
		SolutionGuid = {ADF56E3F-1058-49FE-AA62-FCAEFE30F9E1}
	EndGlobalSection
EndGlobal
