
Microsoft Visual Studio Solution File, Format Version 12.00
# Visual Studio 15
VisualStudioVersion = 15.0.28307.106
MinimumVisualStudioVersion = 10.0.40219.1
Project("{FAE04EC0-301F-11D3-BF4B-00C04F79EFBC}") = "MyDIContainer", "MyDIContainer\MyDIContainer.csproj", "{CAC79237-53D5-4D85-9D18-D149D3369E0B}"
EndProject
Project("{FAE04EC0-301F-11D3-BF4B-00C04F79EFBC}") = "ConsoleApplication", "ConsoleApplication\ConsoleApplication.csproj", "{FE6F8DC1-33E0-4E98-83A6-F85D894F2C0C}"
EndProject
Global
	GlobalSection(SolutionConfigurationPlatforms) = preSolution
		Debug|Any CPU = Debug|Any CPU
		Release|Any CPU = Release|Any CPU
	EndGlobalSection
	GlobalSection(ProjectConfigurationPlatforms) = postSolution
		{CAC79237-53D5-4D85-9D18-D149D3369E0B}.Debug|Any CPU.ActiveCfg = Debug|Any CPU
		{CAC79237-53D5-4D85-9D18-D149D3369E0B}.Debug|Any CPU.Build.0 = Debug|Any CPU
		{CAC79237-53D5-4D85-9D18-D149D3369E0B}.Release|Any CPU.ActiveCfg = Release|Any CPU
		{CAC79237-53D5-4D85-9D18-D149D3369E0B}.Release|Any CPU.Build.0 = Release|Any CPU
		{FE6F8DC1-33E0-4E98-83A6-F85D894F2C0C}.Debug|Any CPU.ActiveCfg = Debug|Any CPU
		{FE6F8DC1-33E0-4E98-83A6-F85D894F2C0C}.Debug|Any CPU.Build.0 = Debug|Any CPU
		{FE6F8DC1-33E0-4E98-83A6-F85D894F2C0C}.Release|Any CPU.ActiveCfg = Release|Any CPU
		{FE6F8DC1-33E0-4E98-83A6-F85D894F2C0C}.Release|Any CPU.Build.0 = Release|Any CPU
	EndGlobalSection
	GlobalSection(SolutionProperties) = preSolution
		HideSolutionNode = FALSE
	EndGlobalSection
	GlobalSection(ExtensibilityGlobals) = postSolution
		SolutionGuid = {ADF56E3F-1058-49FE-AA62-FCAEFE30F9E1}
	EndGlobalSection
EndGlobal
