
Microsoft Visual Studio Solution File, Format Version 12.00
# Visual Studio 15
VisualStudioVersion = 15.0.27428.2043
MinimumVisualStudioVersion = 10.0.40219.1
Project("{FAE04EC0-301F-11D3-BF4B-00C04F79EFBC}") = "Task4Library", "Task4Library\Task4Library.csproj", "{87FB90D3-7B7A-41AA-AEC2-D68959039E64}"
EndProject
Project("{FAE04EC0-301F-11D3-BF4B-00C04F79EFBC}") = "Task4ConsoleApplication", "Task4ConsoleApplication\Task4ConsoleApplication.csproj", "{66ED6542-35A1-481B-B7B5-C0AF4E8D4AAA}"
EndProject
Global
	GlobalSection(SolutionConfigurationPlatforms) = preSolution
		Debug|Any CPU = Debug|Any CPU
		Release|Any CPU = Release|Any CPU
	EndGlobalSection
	GlobalSection(ProjectConfigurationPlatforms) = postSolution
		{87FB90D3-7B7A-41AA-AEC2-D68959039E64}.Debug|Any CPU.ActiveCfg = Debug|Any CPU
		{87FB90D3-7B7A-41AA-AEC2-D68959039E64}.Debug|Any CPU.Build.0 = Debug|Any CPU
		{87FB90D3-7B7A-41AA-AEC2-D68959039E64}.Release|Any CPU.ActiveCfg = Release|Any CPU
		{87FB90D3-7B7A-41AA-AEC2-D68959039E64}.Release|Any CPU.Build.0 = Release|Any CPU
		{66ED6542-35A1-481B-B7B5-C0AF4E8D4AAA}.Debug|Any CPU.ActiveCfg = Debug|Any CPU
		{66ED6542-35A1-481B-B7B5-C0AF4E8D4AAA}.Debug|Any CPU.Build.0 = Debug|Any CPU
		{66ED6542-35A1-481B-B7B5-C0AF4E8D4AAA}.Release|Any CPU.ActiveCfg = Release|Any CPU
		{66ED6542-35A1-481B-B7B5-C0AF4E8D4AAA}.Release|Any CPU.Build.0 = Release|Any CPU
	EndGlobalSection
	GlobalSection(SolutionProperties) = preSolution
		HideSolutionNode = FALSE
	EndGlobalSection
	GlobalSection(ExtensibilityGlobals) = postSolution
		SolutionGuid = {BC3F36A1-E268-4B47-A84D-CD3DAF9AFCFC}
	EndGlobalSection
EndGlobal
